
Microsoft Visual Studio Solution File, Format Version 12.00
# Visual Studio 2013
VisualStudioVersion = 12.0.30723.0
MinimumVisualStudioVersion = 10.0.40219.1
Project("{F184B08F-C81C-45F6-A57F-5ABD9991F28F}") = "Chinook.Domain.Entities", "Chinook.Domain.Entities\Chinook.Domain.Entities.vbproj", "{DAE1AE1B-CAE3-4F49-AD82-8BA709842906}"
EndProject
Project("{F184B08F-C81C-45F6-A57F-5ABD9991F28F}") = "Chinook.Data", "Chinook.Data\Chinook.Data.vbproj", "{3520C424-4705-4DC8-9C61-B941EFCEDF6C}"
EndProject
Project("{F184B08F-C81C-45F6-A57F-5ABD9991F28F}") = "Chinook.Data.Repository", "Chinook.Data.Repository\Chinook.Data.Repository.vbproj", "{AB78F502-63E0-4147-A241-54547229CDC8}"
EndProject
Project("{2150E333-8FDC-42A3-9474-1A3956D46DE8}") = "Source", "Source", "{F55E4D19-9806-4654-A72F-283B45909C5F}"
EndProject
Project("{2150E333-8FDC-42A3-9474-1A3956D46DE8}") = "Database", "Database", "{FA9337C6-5307-477D-B914-730B50910E92}"
EndProject
Project("{2150E333-8FDC-42A3-9474-1A3956D46DE8}") = "Scripts", "Scripts", "{6B3BB921-FDAA-48CC-908F-7D6C948E65F6}"
	ProjectSection(SolutionItems) = preProject
		Database\Scripts\Chinook_StoredProcedures.sql = Database\Scripts\Chinook_StoredProcedures.sql
	EndProjectSection
EndProject
Project("{2150E333-8FDC-42A3-9474-1A3956D46DE8}") = "Schema", "Schema", "{2222D232-E903-49CC-9008-F1F0133B452A}"
EndProject
Project("{F184B08F-C81C-45F6-A57F-5ABD9991F28F}") = "Chinook.Data.SqlClient", "Chinook.Data.SQLClient\Chinook.Data.SqlClient.vbproj", "{A1C6C812-4D98-4FC8-A3F0-04E4D055D510}"
EndProject
Project("{2150E333-8FDC-42A3-9474-1A3956D46DE8}") = "Documents", "Documents", "{D0F33EFB-C6BA-4401-8E2A-6DD44954DF1C}"
	ProjectSection(SolutionItems) = preProject
		README.md = README.md
	EndProjectSection
EndProject
Project("{2150E333-8FDC-42A3-9474-1A3956D46DE8}") = "UI", "UI", "{6DA5AFE3-234F-4655-B624-0030569D4795}"
EndProject
Project("{FAE04EC0-301F-11D3-BF4B-00C04F79EFBC}") = "Chinook.Web.UI", "Chinook.UI\Chinook.Web.UI.csproj", "{F8B529B0-37D4-466A-A6B7-5BF778F2C037}"
EndProject
Project("{FAE04EC0-301F-11D3-BF4B-00C04F79EFBC}") = "Chinook.Web.UI.Tests", "Chinook.Tests\Chinook.Web.UI.Tests.csproj", "{28D47B3E-0B37-4C1B-97FE-2DB380E2BC86}"
EndProject
Project("{2150E333-8FDC-42A3-9474-1A3956D46DE8}") = "Test", "Test", "{C1258578-3991-44D6-AC1C-E3C3357569B1}"
EndProject
Project("{2150E333-8FDC-42A3-9474-1A3956D46DE8}") = "Core", "Core", "{9FE02255-740E-4F14-A122-D148DA1DC447}"
EndProject
Project("{2150E333-8FDC-42A3-9474-1A3956D46DE8}") = "Infrastructure", "Infrastructure", "{404170E3-BDDB-4175-AC64-B907CE0B96ED}"
EndProject
Global
	GlobalSection(SolutionConfigurationPlatforms) = preSolution
		Debug|Any CPU = Debug|Any CPU
		Release|Any CPU = Release|Any CPU
	EndGlobalSection
	GlobalSection(ProjectConfigurationPlatforms) = postSolution
		{DAE1AE1B-CAE3-4F49-AD82-8BA709842906}.Debug|Any CPU.ActiveCfg = Debug|Any CPU
		{DAE1AE1B-CAE3-4F49-AD82-8BA709842906}.Debug|Any CPU.Build.0 = Debug|Any CPU
		{DAE1AE1B-CAE3-4F49-AD82-8BA709842906}.Release|Any CPU.ActiveCfg = Release|Any CPU
		{DAE1AE1B-CAE3-4F49-AD82-8BA709842906}.Release|Any CPU.Build.0 = Release|Any CPU
		{3520C424-4705-4DC8-9C61-B941EFCEDF6C}.Debug|Any CPU.ActiveCfg = Debug|Any CPU
		{3520C424-4705-4DC8-9C61-B941EFCEDF6C}.Debug|Any CPU.Build.0 = Debug|Any CPU
		{3520C424-4705-4DC8-9C61-B941EFCEDF6C}.Release|Any CPU.ActiveCfg = Release|Any CPU
		{3520C424-4705-4DC8-9C61-B941EFCEDF6C}.Release|Any CPU.Build.0 = Release|Any CPU
		{AB78F502-63E0-4147-A241-54547229CDC8}.Debug|Any CPU.ActiveCfg = Debug|Any CPU
		{AB78F502-63E0-4147-A241-54547229CDC8}.Debug|Any CPU.Build.0 = Debug|Any CPU
		{AB78F502-63E0-4147-A241-54547229CDC8}.Release|Any CPU.ActiveCfg = Release|Any CPU
		{AB78F502-63E0-4147-A241-54547229CDC8}.Release|Any CPU.Build.0 = Release|Any CPU
		{A1C6C812-4D98-4FC8-A3F0-04E4D055D510}.Debug|Any CPU.ActiveCfg = Debug|Any CPU
		{A1C6C812-4D98-4FC8-A3F0-04E4D055D510}.Debug|Any CPU.Build.0 = Debug|Any CPU
		{A1C6C812-4D98-4FC8-A3F0-04E4D055D510}.Release|Any CPU.ActiveCfg = Release|Any CPU
		{A1C6C812-4D98-4FC8-A3F0-04E4D055D510}.Release|Any CPU.Build.0 = Release|Any CPU
		{F8B529B0-37D4-466A-A6B7-5BF778F2C037}.Debug|Any CPU.ActiveCfg = Debug|Any CPU
		{F8B529B0-37D4-466A-A6B7-5BF778F2C037}.Debug|Any CPU.Build.0 = Debug|Any CPU
		{F8B529B0-37D4-466A-A6B7-5BF778F2C037}.Release|Any CPU.ActiveCfg = Release|Any CPU
		{F8B529B0-37D4-466A-A6B7-5BF778F2C037}.Release|Any CPU.Build.0 = Release|Any CPU
		{28D47B3E-0B37-4C1B-97FE-2DB380E2BC86}.Debug|Any CPU.ActiveCfg = Debug|Any CPU
		{28D47B3E-0B37-4C1B-97FE-2DB380E2BC86}.Debug|Any CPU.Build.0 = Debug|Any CPU
		{28D47B3E-0B37-4C1B-97FE-2DB380E2BC86}.Release|Any CPU.ActiveCfg = Release|Any CPU
		{28D47B3E-0B37-4C1B-97FE-2DB380E2BC86}.Release|Any CPU.Build.0 = Release|Any CPU
	EndGlobalSection
	GlobalSection(SolutionProperties) = preSolution
		HideSolutionNode = FALSE
	EndGlobalSection
	GlobalSection(NestedProjects) = preSolution
		{DAE1AE1B-CAE3-4F49-AD82-8BA709842906} = {9FE02255-740E-4F14-A122-D148DA1DC447}
		{3520C424-4705-4DC8-9C61-B941EFCEDF6C} = {9FE02255-740E-4F14-A122-D148DA1DC447}
		{AB78F502-63E0-4147-A241-54547229CDC8} = {404170E3-BDDB-4175-AC64-B907CE0B96ED}
		{6B3BB921-FDAA-48CC-908F-7D6C948E65F6} = {FA9337C6-5307-477D-B914-730B50910E92}
		{2222D232-E903-49CC-9008-F1F0133B452A} = {FA9337C6-5307-477D-B914-730B50910E92}
		{A1C6C812-4D98-4FC8-A3F0-04E4D055D510} = {404170E3-BDDB-4175-AC64-B907CE0B96ED}
		{6DA5AFE3-234F-4655-B624-0030569D4795} = {F55E4D19-9806-4654-A72F-283B45909C5F}
		{F8B529B0-37D4-466A-A6B7-5BF778F2C037} = {6DA5AFE3-234F-4655-B624-0030569D4795}
		{28D47B3E-0B37-4C1B-97FE-2DB380E2BC86} = {C1258578-3991-44D6-AC1C-E3C3357569B1}
		{C1258578-3991-44D6-AC1C-E3C3357569B1} = {F55E4D19-9806-4654-A72F-283B45909C5F}
		{9FE02255-740E-4F14-A122-D148DA1DC447} = {F55E4D19-9806-4654-A72F-283B45909C5F}
		{404170E3-BDDB-4175-AC64-B907CE0B96ED} = {F55E4D19-9806-4654-A72F-283B45909C5F}
	EndGlobalSection
EndGlobal
